
Microsoft Visual Studio Solution File, Format Version 12.00
# Visual Studio 15
VisualStudioVersion = 15.0.27130.2026
MinimumVisualStudioVersion = 10.0.40219.1
Project("{8BC9CEB8-8B4A-11D0-8D11-00A0C91BC942}") = "search", "search\search.vcxproj", "{EB2CF9A0-2D5D-4B91-BA83-7AA4AA535954}"
EndProject
Global
	GlobalSection(SolutionConfigurationPlatforms) = preSolution
		Debug|x64 = Debug|x64
		Debug|x86 = Debug|x86
		Release|x64 = Release|x64
		Release|x86 = Release|x86
	EndGlobalSection
	GlobalSection(ProjectConfigurationPlatforms) = postSolution
		{EB2CF9A0-2D5D-4B91-BA83-7AA4AA535954}.Debug|x64.ActiveCfg = Debug|x64
		{EB2CF9A0-2D5D-4B91-BA83-7AA4AA535954}.Debug|x64.Build.0 = Debug|x64
		{EB2CF9A0-2D5D-4B91-BA83-7AA4AA535954}.Debug|x86.ActiveCfg = Debug|Win32
		{EB2CF9A0-2D5D-4B91-BA83-7AA4AA535954}.Debug|x86.Build.0 = Debug|Win32
		{EB2CF9A0-2D5D-4B91-BA83-7AA4AA535954}.Release|x64.ActiveCfg = Release|x64
		{EB2CF9A0-2D5D-4B91-BA83-7AA4AA535954}.Release|x64.Build.0 = Release|x64
		{EB2CF9A0-2D5D-4B91-BA83-7AA4AA535954}.Release|x86.ActiveCfg = Release|Win32
		{EB2CF9A0-2D5D-4B91-BA83-7AA4AA535954}.Release|x86.Build.0 = Release|Win32
	EndGlobalSection
	GlobalSection(SolutionProperties) = preSolution
		HideSolutionNode = FALSE
	EndGlobalSection
	GlobalSection(ExtensibilityGlobals) = postSolution
		SolutionGuid = {AC89EC39-E048-477F-A6F9-89E771B91432}
	EndGlobalSection
EndGlobal
