
Microsoft Visual Studio Solution File, Format Version 12.00
# Visual Studio 15
VisualStudioVersion = 15.0.27130.2026
MinimumVisualStudioVersion = 10.0.40219.1
Project("{8BC9CEB8-8B4A-11D0-8D11-00A0C91BC942}") = "LinkerTestTwo", "LinkerTestTwo\LinkerTestTwo.vcxproj", "{ABF4F30E-B276-43CA-8FCE-5F2AC9F67253}"
EndProject
Global
	GlobalSection(SolutionConfigurationPlatforms) = preSolution
		Debug|x64 = Debug|x64
		Debug|x86 = Debug|x86
		Release|x64 = Release|x64
		Release|x86 = Release|x86
	EndGlobalSection
	GlobalSection(ProjectConfigurationPlatforms) = postSolution
		{ABF4F30E-B276-43CA-8FCE-5F2AC9F67253}.Debug|x64.ActiveCfg = Debug|x64
		{ABF4F30E-B276-43CA-8FCE-5F2AC9F67253}.Debug|x64.Build.0 = Debug|x64
		{ABF4F30E-B276-43CA-8FCE-5F2AC9F67253}.Debug|x86.ActiveCfg = Debug|Win32
		{ABF4F30E-B276-43CA-8FCE-5F2AC9F67253}.Debug|x86.Build.0 = Debug|Win32
		{ABF4F30E-B276-43CA-8FCE-5F2AC9F67253}.Release|x64.ActiveCfg = Release|x64
		{ABF4F30E-B276-43CA-8FCE-5F2AC9F67253}.Release|x64.Build.0 = Release|x64
		{ABF4F30E-B276-43CA-8FCE-5F2AC9F67253}.Release|x86.ActiveCfg = Release|Win32
		{ABF4F30E-B276-43CA-8FCE-5F2AC9F67253}.Release|x86.Build.0 = Release|Win32
	EndGlobalSection
	GlobalSection(SolutionProperties) = preSolution
		HideSolutionNode = FALSE
	EndGlobalSection
	GlobalSection(ExtensibilityGlobals) = postSolution
		SolutionGuid = {0DA35299-74BA-4417-B8E6-CEF1B7C2A3A7}
	EndGlobalSection
EndGlobal
